
Microsoft Visual Studio Solution File, Format Version 12.00
# Visual Studio Version 16
VisualStudioVersion = 16.0.31402.337
MinimumVisualStudioVersion = 10.0.40219.1
Project("{FAE04EC0-301F-11D3-BF4B-00C04F79EFBC}") = "API Rest", "API Rest\API Rest.csproj", "{8245CF6E-6466-4BBC-9A9D-06C6363BEA1D}"
EndProject
Global
	GlobalSection(SolutionConfigurationPlatforms) = preSolution
		Debug|Any CPU = Debug|Any CPU
		Release|Any CPU = Release|Any CPU
	EndGlobalSection
	GlobalSection(ProjectConfigurationPlatforms) = postSolution
		{8245CF6E-6466-4BBC-9A9D-06C6363BEA1D}.Debug|Any CPU.ActiveCfg = Debug|Any CPU
		{8245CF6E-6466-4BBC-9A9D-06C6363BEA1D}.Debug|Any CPU.Build.0 = Debug|Any CPU
		{8245CF6E-6466-4BBC-9A9D-06C6363BEA1D}.Release|Any CPU.ActiveCfg = Release|Any CPU
		{8245CF6E-6466-4BBC-9A9D-06C6363BEA1D}.Release|Any CPU.Build.0 = Release|Any CPU
	EndGlobalSection
	GlobalSection(SolutionProperties) = preSolution
		HideSolutionNode = FALSE
	EndGlobalSection
	GlobalSection(ExtensibilityGlobals) = postSolution
		SolutionGuid = {70C90CBD-4914-4272-AC09-8327B52B6D07}
	EndGlobalSection
EndGlobal
